
Microsoft Visual Studio Solution File, Format Version 12.00
# Visual Studio Version 17
VisualStudioVersion = 17.8.34316.72
MinimumVisualStudioVersion = 10.0.40219.1
Project("{9A19103F-16F7-4668-BE54-9A1E7A4F7556}") = "MyDatePlanningApi", "MyDatePlanningApi\MyDatePlanningApi.csproj", "{54FEEBD0-8594-4540-A393-61693AE6D5D7}"
EndProject
Project("{9A19103F-16F7-4668-BE54-9A1E7A4F7556}") = "MyDatePlanningData", "MyDatePlanningData\MyDatePlanningData.csproj", "{3497034B-7628-4C96-88F8-1A10ACF4E64B}"
EndProject
Project("{2150E333-8FDC-42A3-9474-1A3956D46DE8}") = "Elementos de la solución", "Elementos de la solución", "{7AC01D4E-CAFF-4A6D-BB5D-092EB5D99FD5}"
	ProjectSection(SolutionItems) = preProject
		.gitignore = .gitignore
	EndProjectSection
EndProject
Project("{9A19103F-16F7-4668-BE54-9A1E7A4F7556}") = "MyDatePlanningRepositories", "MyDatePlanningRepositories\MyDatePlanningRepositories.csproj", "{C32502A3-CFBC-4F21-9701-FC96CF94BC5A}"
EndProject
Global
	GlobalSection(SolutionConfigurationPlatforms) = preSolution
		Debug|Any CPU = Debug|Any CPU
		Release|Any CPU = Release|Any CPU
	EndGlobalSection
	GlobalSection(ProjectConfigurationPlatforms) = postSolution
		{54FEEBD0-8594-4540-A393-61693AE6D5D7}.Debug|Any CPU.ActiveCfg = Debug|Any CPU
		{54FEEBD0-8594-4540-A393-61693AE6D5D7}.Debug|Any CPU.Build.0 = Debug|Any CPU
		{54FEEBD0-8594-4540-A393-61693AE6D5D7}.Release|Any CPU.ActiveCfg = Release|Any CPU
		{54FEEBD0-8594-4540-A393-61693AE6D5D7}.Release|Any CPU.Build.0 = Release|Any CPU
		{3497034B-7628-4C96-88F8-1A10ACF4E64B}.Debug|Any CPU.ActiveCfg = Debug|Any CPU
		{3497034B-7628-4C96-88F8-1A10ACF4E64B}.Debug|Any CPU.Build.0 = Debug|Any CPU
		{3497034B-7628-4C96-88F8-1A10ACF4E64B}.Release|Any CPU.ActiveCfg = Release|Any CPU
		{3497034B-7628-4C96-88F8-1A10ACF4E64B}.Release|Any CPU.Build.0 = Release|Any CPU
		{C32502A3-CFBC-4F21-9701-FC96CF94BC5A}.Debug|Any CPU.ActiveCfg = Debug|Any CPU
		{C32502A3-CFBC-4F21-9701-FC96CF94BC5A}.Debug|Any CPU.Build.0 = Debug|Any CPU
		{C32502A3-CFBC-4F21-9701-FC96CF94BC5A}.Release|Any CPU.ActiveCfg = Release|Any CPU
		{C32502A3-CFBC-4F21-9701-FC96CF94BC5A}.Release|Any CPU.Build.0 = Release|Any CPU
	EndGlobalSection
	GlobalSection(SolutionProperties) = preSolution
		HideSolutionNode = FALSE
	EndGlobalSection
	GlobalSection(ExtensibilityGlobals) = postSolution
		SolutionGuid = {E260EB6C-BE60-4946-83E7-9D4FD92D372E}
	EndGlobalSection
EndGlobal
